
Microsoft Visual Studio Solution File, Format Version 12.00
# Visual Studio 15
VisualStudioVersion = 15.0.26430.16
MinimumVisualStudioVersion = 10.0.40219.1
Project("{FAE04EC0-301F-11D3-BF4B-00C04F79EFBC}") = "MyFirstCrossPlatform.Android", "MyFirstCrossPlatform\MyFirstCrossPlatform.Android\MyFirstCrossPlatform.Android.csproj", "{9EB4581B-A306-46CD-B384-394AB24F9928}"
EndProject
Project("{FAE04EC0-301F-11D3-BF4B-00C04F79EFBC}") = "MyFirstCrossPlatform", "MyFirstCrossPlatform\MyFirstCrossPlatform\MyFirstCrossPlatform.csproj", "{745D5D19-0BB7-49CF-B6EC-3453DD03F582}"
EndProject
Project("{FAE04EC0-301F-11D3-BF4B-00C04F79EFBC}") = "MyFirstCrossPlatform.UWP", "MyFirstCrossPlatform\MyFirstCrossPlatform.UWP\MyFirstCrossPlatform.UWP.csproj", "{C38854F1-4045-4BB6-8EF7-9DF4B3E4984B}"
EndProject
Project("{FAE04EC0-301F-11D3-BF4B-00C04F79EFBC}") = "MyFirstCrossPlatform.iOS", "MyFirstCrossPlatform\MyFirstCrossPlatform.iOS\MyFirstCrossPlatform.iOS.csproj", "{9160289B-E37B-40A8-AD10-968E69D05F49}"
EndProject
Project("{FAE04EC0-301F-11D3-BF4B-00C04F79EFBC}") = "MyFirstCrossPlatform.Test", "MyFirstCrossPlatform.Test\MyFirstCrossPlatform.Test.csproj", "{F817C5AC-2AF1-4A0E-88AC-C144BE6201EF}"
EndProject
Project("{2150E333-8FDC-42A3-9474-1A3956D46DE8}") = "Solution Items", "Solution Items", "{D30D233F-38C9-4A1B-9D04-DC643DC70A95}"
	ProjectSection(SolutionItems) = preProject
		..\..\..\..\Downloads\Beaitiful Nature Landscape Wallpaper 1440 x 900.jpg = ..\..\..\..\Downloads\Beaitiful Nature Landscape Wallpaper 1440 x 900.jpg
	EndProjectSection
EndProject
Global
	GlobalSection(SolutionConfigurationPlatforms) = preSolution
		Ad-Hoc|Any CPU = Ad-Hoc|Any CPU
		Ad-Hoc|ARM = Ad-Hoc|ARM
		Ad-Hoc|iPhone = Ad-Hoc|iPhone
		Ad-Hoc|iPhoneSimulator = Ad-Hoc|iPhoneSimulator
		Ad-Hoc|x64 = Ad-Hoc|x64
		Ad-Hoc|x86 = Ad-Hoc|x86
		AppStore|Any CPU = AppStore|Any CPU
		AppStore|ARM = AppStore|ARM
		AppStore|iPhone = AppStore|iPhone
		AppStore|iPhoneSimulator = AppStore|iPhoneSimulator
		AppStore|x64 = AppStore|x64
		AppStore|x86 = AppStore|x86
		Debug|Any CPU = Debug|Any CPU
		Debug|ARM = Debug|ARM
		Debug|iPhone = Debug|iPhone
		Debug|iPhoneSimulator = Debug|iPhoneSimulator
		Debug|x64 = Debug|x64
		Debug|x86 = Debug|x86
		Release|Any CPU = Release|Any CPU
		Release|ARM = Release|ARM
		Release|iPhone = Release|iPhone
		Release|iPhoneSimulator = Release|iPhoneSimulator
		Release|x64 = Release|x64
		Release|x86 = Release|x86
	EndGlobalSection
	GlobalSection(ProjectConfigurationPlatforms) = postSolution
		{9EB4581B-A306-46CD-B384-394AB24F9928}.Ad-Hoc|Any CPU.ActiveCfg = Release|Any CPU
		{9EB4581B-A306-46CD-B384-394AB24F9928}.Ad-Hoc|Any CPU.Build.0 = Release|Any CPU
		{9EB4581B-A306-46CD-B384-394AB24F9928}.Ad-Hoc|Any CPU.Deploy.0 = Release|Any CPU
		{9EB4581B-A306-46CD-B384-394AB24F9928}.Ad-Hoc|ARM.ActiveCfg = Release|Any CPU
		{9EB4581B-A306-46CD-B384-394AB24F9928}.Ad-Hoc|ARM.Build.0 = Release|Any CPU
		{9EB4581B-A306-46CD-B384-394AB24F9928}.Ad-Hoc|ARM.Deploy.0 = Release|Any CPU
		{9EB4581B-A306-46CD-B384-394AB24F9928}.Ad-Hoc|iPhone.ActiveCfg = Release|Any CPU
		{9EB4581B-A306-46CD-B384-394AB24F9928}.Ad-Hoc|iPhone.Build.0 = Release|Any CPU
		{9EB4581B-A306-46CD-B384-394AB24F9928}.Ad-Hoc|iPhone.Deploy.0 = Release|Any CPU
		{9EB4581B-A306-46CD-B384-394AB24F9928}.Ad-Hoc|iPhoneSimulator.ActiveCfg = Release|Any CPU
		{9EB4581B-A306-46CD-B384-394AB24F9928}.Ad-Hoc|iPhoneSimulator.Build.0 = Release|Any CPU
		{9EB4581B-A306-46CD-B384-394AB24F9928}.Ad-Hoc|iPhoneSimulator.Deploy.0 = Release|Any CPU
		{9EB4581B-A306-46CD-B384-394AB24F9928}.Ad-Hoc|x64.ActiveCfg = Release|Any CPU
		{9EB4581B-A306-46CD-B384-394AB24F9928}.Ad-Hoc|x64.Build.0 = Release|Any CPU
		{9EB4581B-A306-46CD-B384-394AB24F9928}.Ad-Hoc|x64.Deploy.0 = Release|Any CPU
		{9EB4581B-A306-46CD-B384-394AB24F9928}.Ad-Hoc|x86.ActiveCfg = Release|Any CPU
		{9EB4581B-A306-46CD-B384-394AB24F9928}.Ad-Hoc|x86.Build.0 = Release|Any CPU
		{9EB4581B-A306-46CD-B384-394AB24F9928}.Ad-Hoc|x86.Deploy.0 = Release|Any CPU
		{9EB4581B-A306-46CD-B384-394AB24F9928}.AppStore|Any CPU.ActiveCfg = Release|Any CPU
		{9EB4581B-A306-46CD-B384-394AB24F9928}.AppStore|Any CPU.Build.0 = Release|Any CPU
		{9EB4581B-A306-46CD-B384-394AB24F9928}.AppStore|Any CPU.Deploy.0 = Release|Any CPU
		{9EB4581B-A306-46CD-B384-394AB24F9928}.AppStore|ARM.ActiveCfg = Release|Any CPU
		{9EB4581B-A306-46CD-B384-394AB24F9928}.AppStore|ARM.Build.0 = Release|Any CPU
		{9EB4581B-A306-46CD-B384-394AB24F9928}.AppStore|ARM.Deploy.0 = Release|Any CPU
		{9EB4581B-A306-46CD-B384-394AB24F9928}.AppStore|iPhone.ActiveCfg = Release|Any CPU
		{9EB4581B-A306-46CD-B384-394AB24F9928}.AppStore|iPhone.Build.0 = Release|Any CPU
		{9EB4581B-A306-46CD-B384-394AB24F9928}.AppStore|iPhone.Deploy.0 = Release|Any CPU
		{9EB4581B-A306-46CD-B384-394AB24F9928}.AppStore|iPhoneSimulator.ActiveCfg = Release|Any CPU
		{9EB4581B-A306-46CD-B384-394AB24F9928}.AppStore|iPhoneSimulator.Build.0 = Release|Any CPU
		{9EB4581B-A306-46CD-B384-394AB24F9928}.AppStore|iPhoneSimulator.Deploy.0 = Release|Any CPU
		{9EB4581B-A306-46CD-B384-394AB24F9928}.AppStore|x64.ActiveCfg = Release|Any CPU
		{9EB4581B-A306-46CD-B384-394AB24F9928}.AppStore|x64.Build.0 = Release|Any CPU
		{9EB4581B-A306-46CD-B384-394AB24F9928}.AppStore|x64.Deploy.0 = Release|Any CPU
		{9EB4581B-A306-46CD-B384-394AB24F9928}.AppStore|x86.ActiveCfg = Release|Any CPU
		{9EB4581B-A306-46CD-B384-394AB24F9928}.AppStore|x86.Build.0 = Release|Any CPU
		{9EB4581B-A306-46CD-B384-394AB24F9928}.AppStore|x86.Deploy.0 = Release|Any CPU
		{9EB4581B-A306-46CD-B384-394AB24F9928}.Debug|Any CPU.ActiveCfg = Debug|Any CPU
		{9EB4581B-A306-46CD-B384-394AB24F9928}.Debug|Any CPU.Build.0 = Debug|Any CPU
		{9EB4581B-A306-46CD-B384-394AB24F9928}.Debug|Any CPU.Deploy.0 = Debug|Any CPU
		{9EB4581B-A306-46CD-B384-394AB24F9928}.Debug|ARM.ActiveCfg = Debug|Any CPU
		{9EB4581B-A306-46CD-B384-394AB24F9928}.Debug|ARM.Build.0 = Debug|Any CPU
		{9EB4581B-A306-46CD-B384-394AB24F9928}.Debug|ARM.Deploy.0 = Debug|Any CPU
		{9EB4581B-A306-46CD-B384-394AB24F9928}.Debug|iPhone.ActiveCfg = Debug|Any CPU
		{9EB4581B-A306-46CD-B384-394AB24F9928}.Debug|iPhone.Build.0 = Debug|Any CPU
		{9EB4581B-A306-46CD-B384-394AB24F9928}.Debug|iPhone.Deploy.0 = Debug|Any CPU
		{9EB4581B-A306-46CD-B384-394AB24F9928}.Debug|iPhoneSimulator.ActiveCfg = Debug|Any CPU
		{9EB4581B-A306-46CD-B384-394AB24F9928}.Debug|iPhoneSimulator.Build.0 = Debug|Any CPU
		{9EB4581B-A306-46CD-B384-394AB24F9928}.Debug|iPhoneSimulator.Deploy.0 = Debug|Any CPU
		{9EB4581B-A306-46CD-B384-394AB24F9928}.Debug|x64.ActiveCfg = Debug|Any CPU
		{9EB4581B-A306-46CD-B384-394AB24F9928}.Debug|x64.Build.0 = Debug|Any CPU
		{9EB4581B-A306-46CD-B384-394AB24F9928}.Debug|x64.Deploy.0 = Debug|Any CPU
		{9EB4581B-A306-46CD-B384-394AB24F9928}.Debug|x86.ActiveCfg = Debug|Any CPU
		{9EB4581B-A306-46CD-B384-394AB24F9928}.Debug|x86.Build.0 = Debug|Any CPU
		{9EB4581B-A306-46CD-B384-394AB24F9928}.Debug|x86.Deploy.0 = Debug|Any CPU
		{9EB4581B-A306-46CD-B384-394AB24F9928}.Release|Any CPU.ActiveCfg = Release|Any CPU
		{9EB4581B-A306-46CD-B384-394AB24F9928}.Release|Any CPU.Build.0 = Release|Any CPU
		{9EB4581B-A306-46CD-B384-394AB24F9928}.Release|Any CPU.Deploy.0 = Release|Any CPU
		{9EB4581B-A306-46CD-B384-394AB24F9928}.Release|ARM.ActiveCfg = Release|Any CPU
		{9EB4581B-A306-46CD-B384-394AB24F9928}.Release|ARM.Build.0 = Release|Any CPU
		{9EB4581B-A306-46CD-B384-394AB24F9928}.Release|ARM.Deploy.0 = Release|Any CPU
		{9EB4581B-A306-46CD-B384-394AB24F9928}.Release|iPhone.ActiveCfg = Release|Any CPU
		{9EB4581B-A306-46CD-B384-394AB24F9928}.Release|iPhone.Build.0 = Release|Any CPU
		{9EB4581B-A306-46CD-B384-394AB24F9928}.Release|iPhone.Deploy.0 = Release|Any CPU
		{9EB4581B-A306-46CD-B384-394AB24F9928}.Release|iPhoneSimulator.ActiveCfg = Release|Any CPU
		{9EB4581B-A306-46CD-B384-394AB24F9928}.Release|iPhoneSimulator.Build.0 = Release|Any CPU
		{9EB4581B-A306-46CD-B384-394AB24F9928}.Release|iPhoneSimulator.Deploy.0 = Release|Any CPU
		{9EB4581B-A306-46CD-B384-394AB24F9928}.Release|x64.ActiveCfg = Release|Any CPU
		{9EB4581B-A306-46CD-B384-394AB24F9928}.Release|x64.Build.0 = Release|Any CPU
		{9EB4581B-A306-46CD-B384-394AB24F9928}.Release|x64.Deploy.0 = Release|Any CPU
		{9EB4581B-A306-46CD-B384-394AB24F9928}.Release|x86.ActiveCfg = Release|Any CPU
		{9EB4581B-A306-46CD-B384-394AB24F9928}.Release|x86.Build.0 = Release|Any CPU
		{9EB4581B-A306-46CD-B384-394AB24F9928}.Release|x86.Deploy.0 = Release|Any CPU
		{745D5D19-0BB7-49CF-B6EC-3453DD03F582}.Ad-Hoc|Any CPU.ActiveCfg = Release|Any CPU
		{745D5D19-0BB7-49CF-B6EC-3453DD03F582}.Ad-Hoc|Any CPU.Build.0 = Release|Any CPU
		{745D5D19-0BB7-49CF-B6EC-3453DD03F582}.Ad-Hoc|ARM.ActiveCfg = Release|Any CPU
		{745D5D19-0BB7-49CF-B6EC-3453DD03F582}.Ad-Hoc|ARM.Build.0 = Release|Any CPU
		{745D5D19-0BB7-49CF-B6EC-3453DD03F582}.Ad-Hoc|iPhone.ActiveCfg = Release|Any CPU
		{745D5D19-0BB7-49CF-B6EC-3453DD03F582}.Ad-Hoc|iPhone.Build.0 = Release|Any CPU
		{745D5D19-0BB7-49CF-B6EC-3453DD03F582}.Ad-Hoc|iPhoneSimulator.ActiveCfg = Release|Any CPU
		{745D5D19-0BB7-49CF-B6EC-3453DD03F582}.Ad-Hoc|iPhoneSimulator.Build.0 = Release|Any CPU
		{745D5D19-0BB7-49CF-B6EC-3453DD03F582}.Ad-Hoc|x64.ActiveCfg = Release|Any CPU
		{745D5D19-0BB7-49CF-B6EC-3453DD03F582}.Ad-Hoc|x64.Build.0 = Release|Any CPU
		{745D5D19-0BB7-49CF-B6EC-3453DD03F582}.Ad-Hoc|x86.ActiveCfg = Release|Any CPU
		{745D5D19-0BB7-49CF-B6EC-3453DD03F582}.Ad-Hoc|x86.Build.0 = Release|Any CPU
		{745D5D19-0BB7-49CF-B6EC-3453DD03F582}.AppStore|Any CPU.ActiveCfg = Release|Any CPU
		{745D5D19-0BB7-49CF-B6EC-3453DD03F582}.AppStore|Any CPU.Build.0 = Release|Any CPU
		{745D5D19-0BB7-49CF-B6EC-3453DD03F582}.AppStore|ARM.ActiveCfg = Release|Any CPU
		{745D5D19-0BB7-49CF-B6EC-3453DD03F582}.AppStore|ARM.Build.0 = Release|Any CPU
		{745D5D19-0BB7-49CF-B6EC-3453DD03F582}.AppStore|iPhone.ActiveCfg = Release|Any CPU
		{745D5D19-0BB7-49CF-B6EC-3453DD03F582}.AppStore|iPhone.Build.0 = Release|Any CPU
		{745D5D19-0BB7-49CF-B6EC-3453DD03F582}.AppStore|iPhoneSimulator.ActiveCfg = Release|Any CPU
		{745D5D19-0BB7-49CF-B6EC-3453DD03F582}.AppStore|iPhoneSimulator.Build.0 = Release|Any CPU
		{745D5D19-0BB7-49CF-B6EC-3453DD03F582}.AppStore|x64.ActiveCfg = Release|Any CPU
		{745D5D19-0BB7-49CF-B6EC-3453DD03F582}.AppStore|x64.Build.0 = Release|Any CPU
		{745D5D19-0BB7-49CF-B6EC-3453DD03F582}.AppStore|x86.ActiveCfg = Release|Any CPU
		{745D5D19-0BB7-49CF-B6EC-3453DD03F582}.AppStore|x86.Build.0 = Release|Any CPU
		{745D5D19-0BB7-49CF-B6EC-3453DD03F582}.Debug|Any CPU.ActiveCfg = Debug|Any CPU
		{745D5D19-0BB7-49CF-B6EC-3453DD03F582}.Debug|Any CPU.Build.0 = Debug|Any CPU
		{745D5D19-0BB7-49CF-B6EC-3453DD03F582}.Debug|ARM.ActiveCfg = Debug|Any CPU
		{745D5D19-0BB7-49CF-B6EC-3453DD03F582}.Debug|ARM.Build.0 = Debug|Any CPU
		{745D5D19-0BB7-49CF-B6EC-3453DD03F582}.Debug|iPhone.ActiveCfg = Debug|Any CPU
		{745D5D19-0BB7-49CF-B6EC-3453DD03F582}.Debug|iPhone.Build.0 = Debug|Any CPU
		{745D5D19-0BB7-49CF-B6EC-3453DD03F582}.Debug|iPhoneSimulator.ActiveCfg = Debug|Any CPU
		{745D5D19-0BB7-49CF-B6EC-3453DD03F582}.Debug|iPhoneSimulator.Build.0 = Debug|Any CPU
		{745D5D19-0BB7-49CF-B6EC-3453DD03F582}.Debug|x64.ActiveCfg = Debug|Any CPU
		{745D5D19-0BB7-49CF-B6EC-3453DD03F582}.Debug|x64.Build.0 = Debug|Any CPU
		{745D5D19-0BB7-49CF-B6EC-3453DD03F582}.Debug|x86.ActiveCfg = Debug|Any CPU
		{745D5D19-0BB7-49CF-B6EC-3453DD03F582}.Debug|x86.Build.0 = Debug|Any CPU
		{745D5D19-0BB7-49CF-B6EC-3453DD03F582}.Release|Any CPU.ActiveCfg = Release|Any CPU
		{745D5D19-0BB7-49CF-B6EC-3453DD03F582}.Release|Any CPU.Build.0 = Release|Any CPU
		{745D5D19-0BB7-49CF-B6EC-3453DD03F582}.Release|ARM.ActiveCfg = Release|Any CPU
		{745D5D19-0BB7-49CF-B6EC-3453DD03F582}.Release|ARM.Build.0 = Release|Any CPU
		{745D5D19-0BB7-49CF-B6EC-3453DD03F582}.Release|iPhone.ActiveCfg = Release|Any CPU
		{745D5D19-0BB7-49CF-B6EC-3453DD03F582}.Release|iPhone.Build.0 = Release|Any CPU
		{745D5D19-0BB7-49CF-B6EC-3453DD03F582}.Release|iPhoneSimulator.ActiveCfg = Release|Any CPU
		{745D5D19-0BB7-49CF-B6EC-3453DD03F582}.Release|iPhoneSimulator.Build.0 = Release|Any CPU
		{745D5D19-0BB7-49CF-B6EC-3453DD03F582}.Release|x64.ActiveCfg = Release|Any CPU
		{745D5D19-0BB7-49CF-B6EC-3453DD03F582}.Release|x64.Build.0 = Release|Any CPU
		{745D5D19-0BB7-49CF-B6EC-3453DD03F582}.Release|x86.ActiveCfg = Release|Any CPU
		{745D5D19-0BB7-49CF-B6EC-3453DD03F582}.Release|x86.Build.0 = Release|Any CPU
		{C38854F1-4045-4BB6-8EF7-9DF4B3E4984B}.Ad-Hoc|Any CPU.ActiveCfg = Release|x86
		{C38854F1-4045-4BB6-8EF7-9DF4B3E4984B}.Ad-Hoc|Any CPU.Build.0 = Release|x86
		{C38854F1-4045-4BB6-8EF7-9DF4B3E4984B}.Ad-Hoc|Any CPU.Deploy.0 = Release|x86
		{C38854F1-4045-4BB6-8EF7-9DF4B3E4984B}.Ad-Hoc|ARM.ActiveCfg = Release|ARM
		{C38854F1-4045-4BB6-8EF7-9DF4B3E4984B}.Ad-Hoc|ARM.Build.0 = Release|ARM
		{C38854F1-4045-4BB6-8EF7-9DF4B3E4984B}.Ad-Hoc|ARM.Deploy.0 = Release|ARM
		{C38854F1-4045-4BB6-8EF7-9DF4B3E4984B}.Ad-Hoc|iPhone.ActiveCfg = Release|x86
		{C38854F1-4045-4BB6-8EF7-9DF4B3E4984B}.Ad-Hoc|iPhone.Build.0 = Release|x86
		{C38854F1-4045-4BB6-8EF7-9DF4B3E4984B}.Ad-Hoc|iPhone.Deploy.0 = Release|x86
		{C38854F1-4045-4BB6-8EF7-9DF4B3E4984B}.Ad-Hoc|iPhoneSimulator.ActiveCfg = Release|x86
		{C38854F1-4045-4BB6-8EF7-9DF4B3E4984B}.Ad-Hoc|iPhoneSimulator.Build.0 = Release|x86
		{C38854F1-4045-4BB6-8EF7-9DF4B3E4984B}.Ad-Hoc|iPhoneSimulator.Deploy.0 = Release|x86
		{C38854F1-4045-4BB6-8EF7-9DF4B3E4984B}.Ad-Hoc|x64.ActiveCfg = Release|x64
		{C38854F1-4045-4BB6-8EF7-9DF4B3E4984B}.Ad-Hoc|x64.Build.0 = Release|x64
		{C38854F1-4045-4BB6-8EF7-9DF4B3E4984B}.Ad-Hoc|x64.Deploy.0 = Release|x64
		{C38854F1-4045-4BB6-8EF7-9DF4B3E4984B}.Ad-Hoc|x86.ActiveCfg = Release|x86
		{C38854F1-4045-4BB6-8EF7-9DF4B3E4984B}.Ad-Hoc|x86.Build.0 = Release|x86
		{C38854F1-4045-4BB6-8EF7-9DF4B3E4984B}.Ad-Hoc|x86.Deploy.0 = Release|x86
		{C38854F1-4045-4BB6-8EF7-9DF4B3E4984B}.AppStore|Any CPU.ActiveCfg = Release|x86
		{C38854F1-4045-4BB6-8EF7-9DF4B3E4984B}.AppStore|Any CPU.Build.0 = Release|x86
		{C38854F1-4045-4BB6-8EF7-9DF4B3E4984B}.AppStore|Any CPU.Deploy.0 = Release|x86
		{C38854F1-4045-4BB6-8EF7-9DF4B3E4984B}.AppStore|ARM.ActiveCfg = Release|ARM
		{C38854F1-4045-4BB6-8EF7-9DF4B3E4984B}.AppStore|ARM.Build.0 = Release|ARM
		{C38854F1-4045-4BB6-8EF7-9DF4B3E4984B}.AppStore|ARM.Deploy.0 = Release|ARM
		{C38854F1-4045-4BB6-8EF7-9DF4B3E4984B}.AppStore|iPhone.ActiveCfg = Release|x86
		{C38854F1-4045-4BB6-8EF7-9DF4B3E4984B}.AppStore|iPhone.Build.0 = Release|x86
		{C38854F1-4045-4BB6-8EF7-9DF4B3E4984B}.AppStore|iPhone.Deploy.0 = Release|x86
		{C38854F1-4045-4BB6-8EF7-9DF4B3E4984B}.AppStore|iPhoneSimulator.ActiveCfg = Release|x86
		{C38854F1-4045-4BB6-8EF7-9DF4B3E4984B}.AppStore|iPhoneSimulator.Build.0 = Release|x86
		{C38854F1-4045-4BB6-8EF7-9DF4B3E4984B}.AppStore|iPhoneSimulator.Deploy.0 = Release|x86
		{C38854F1-4045-4BB6-8EF7-9DF4B3E4984B}.AppStore|x64.ActiveCfg = Release|x64
		{C38854F1-4045-4BB6-8EF7-9DF4B3E4984B}.AppStore|x64.Build.0 = Release|x64
		{C38854F1-4045-4BB6-8EF7-9DF4B3E4984B}.AppStore|x64.Deploy.0 = Release|x64
		{C38854F1-4045-4BB6-8EF7-9DF4B3E4984B}.AppStore|x86.ActiveCfg = Release|x86
		{C38854F1-4045-4BB6-8EF7-9DF4B3E4984B}.AppStore|x86.Build.0 = Release|x86
		{C38854F1-4045-4BB6-8EF7-9DF4B3E4984B}.AppStore|x86.Deploy.0 = Release|x86
		{C38854F1-4045-4BB6-8EF7-9DF4B3E4984B}.Debug|Any CPU.ActiveCfg = Debug|x86
		{C38854F1-4045-4BB6-8EF7-9DF4B3E4984B}.Debug|ARM.ActiveCfg = Debug|ARM
		{C38854F1-4045-4BB6-8EF7-9DF4B3E4984B}.Debug|ARM.Build.0 = Debug|ARM
		{C38854F1-4045-4BB6-8EF7-9DF4B3E4984B}.Debug|ARM.Deploy.0 = Debug|ARM
		{C38854F1-4045-4BB6-8EF7-9DF4B3E4984B}.Debug|iPhone.ActiveCfg = Debug|x86
		{C38854F1-4045-4BB6-8EF7-9DF4B3E4984B}.Debug|iPhoneSimulator.ActiveCfg = Debug|x86
		{C38854F1-4045-4BB6-8EF7-9DF4B3E4984B}.Debug|x64.ActiveCfg = Debug|x64
		{C38854F1-4045-4BB6-8EF7-9DF4B3E4984B}.Debug|x64.Build.0 = Debug|x64
		{C38854F1-4045-4BB6-8EF7-9DF4B3E4984B}.Debug|x64.Deploy.0 = Debug|x64
		{C38854F1-4045-4BB6-8EF7-9DF4B3E4984B}.Debug|x86.ActiveCfg = Debug|x86
		{C38854F1-4045-4BB6-8EF7-9DF4B3E4984B}.Debug|x86.Build.0 = Debug|x86
		{C38854F1-4045-4BB6-8EF7-9DF4B3E4984B}.Debug|x86.Deploy.0 = Debug|x86
		{C38854F1-4045-4BB6-8EF7-9DF4B3E4984B}.Release|Any CPU.ActiveCfg = Release|x86
		{C38854F1-4045-4BB6-8EF7-9DF4B3E4984B}.Release|ARM.ActiveCfg = Release|ARM
		{C38854F1-4045-4BB6-8EF7-9DF4B3E4984B}.Release|ARM.Build.0 = Release|ARM
		{C38854F1-4045-4BB6-8EF7-9DF4B3E4984B}.Release|ARM.Deploy.0 = Release|ARM
		{C38854F1-4045-4BB6-8EF7-9DF4B3E4984B}.Release|iPhone.ActiveCfg = Release|x86
		{C38854F1-4045-4BB6-8EF7-9DF4B3E4984B}.Release|iPhoneSimulator.ActiveCfg = Release|x86
		{C38854F1-4045-4BB6-8EF7-9DF4B3E4984B}.Release|x64.ActiveCfg = Release|x64
		{C38854F1-4045-4BB6-8EF7-9DF4B3E4984B}.Release|x64.Build.0 = Release|x64
		{C38854F1-4045-4BB6-8EF7-9DF4B3E4984B}.Release|x64.Deploy.0 = Release|x64
		{C38854F1-4045-4BB6-8EF7-9DF4B3E4984B}.Release|x86.ActiveCfg = Release|x86
		{C38854F1-4045-4BB6-8EF7-9DF4B3E4984B}.Release|x86.Build.0 = Release|x86
		{C38854F1-4045-4BB6-8EF7-9DF4B3E4984B}.Release|x86.Deploy.0 = Release|x86
		{9160289B-E37B-40A8-AD10-968E69D05F49}.Ad-Hoc|Any CPU.ActiveCfg = Ad-Hoc|iPhone
		{9160289B-E37B-40A8-AD10-968E69D05F49}.Ad-Hoc|ARM.ActiveCfg = Ad-Hoc|iPhone
		{9160289B-E37B-40A8-AD10-968E69D05F49}.Ad-Hoc|iPhone.ActiveCfg = Ad-Hoc|iPhone
		{9160289B-E37B-40A8-AD10-968E69D05F49}.Ad-Hoc|iPhone.Build.0 = Ad-Hoc|iPhone
		{9160289B-E37B-40A8-AD10-968E69D05F49}.Ad-Hoc|iPhoneSimulator.ActiveCfg = Ad-Hoc|iPhoneSimulator
		{9160289B-E37B-40A8-AD10-968E69D05F49}.Ad-Hoc|iPhoneSimulator.Build.0 = Ad-Hoc|iPhoneSimulator
		{9160289B-E37B-40A8-AD10-968E69D05F49}.Ad-Hoc|x64.ActiveCfg = Ad-Hoc|iPhone
		{9160289B-E37B-40A8-AD10-968E69D05F49}.Ad-Hoc|x86.ActiveCfg = Ad-Hoc|iPhone
		{9160289B-E37B-40A8-AD10-968E69D05F49}.AppStore|Any CPU.ActiveCfg = AppStore|iPhone
		{9160289B-E37B-40A8-AD10-968E69D05F49}.AppStore|ARM.ActiveCfg = AppStore|iPhone
		{9160289B-E37B-40A8-AD10-968E69D05F49}.AppStore|iPhone.ActiveCfg = AppStore|iPhone
		{9160289B-E37B-40A8-AD10-968E69D05F49}.AppStore|iPhone.Build.0 = AppStore|iPhone
		{9160289B-E37B-40A8-AD10-968E69D05F49}.AppStore|iPhoneSimulator.ActiveCfg = AppStore|iPhoneSimulator
		{9160289B-E37B-40A8-AD10-968E69D05F49}.AppStore|iPhoneSimulator.Build.0 = AppStore|iPhoneSimulator
		{9160289B-E37B-40A8-AD10-968E69D05F49}.AppStore|x64.ActiveCfg = AppStore|iPhone
		{9160289B-E37B-40A8-AD10-968E69D05F49}.AppStore|x86.ActiveCfg = AppStore|iPhone
		{9160289B-E37B-40A8-AD10-968E69D05F49}.Debug|Any CPU.ActiveCfg = Debug|iPhone
		{9160289B-E37B-40A8-AD10-968E69D05F49}.Debug|ARM.ActiveCfg = Debug|iPhone
		{9160289B-E37B-40A8-AD10-968E69D05F49}.Debug|iPhone.ActiveCfg = Debug|iPhone
		{9160289B-E37B-40A8-AD10-968E69D05F49}.Debug|iPhone.Build.0 = Debug|iPhone
		{9160289B-E37B-40A8-AD10-968E69D05F49}.Debug|iPhoneSimulator.ActiveCfg = Debug|iPhoneSimulator
		{9160289B-E37B-40A8-AD10-968E69D05F49}.Debug|iPhoneSimulator.Build.0 = Debug|iPhoneSimulator
		{9160289B-E37B-40A8-AD10-968E69D05F49}.Debug|x64.ActiveCfg = Debug|iPhone
		{9160289B-E37B-40A8-AD10-968E69D05F49}.Debug|x86.ActiveCfg = Debug|iPhone
		{9160289B-E37B-40A8-AD10-968E69D05F49}.Release|Any CPU.ActiveCfg = Release|iPhone
		{9160289B-E37B-40A8-AD10-968E69D05F49}.Release|ARM.ActiveCfg = Release|iPhone
		{9160289B-E37B-40A8-AD10-968E69D05F49}.Release|iPhone.ActiveCfg = Release|iPhone
		{9160289B-E37B-40A8-AD10-968E69D05F49}.Release|iPhone.Build.0 = Release|iPhone
		{9160289B-E37B-40A8-AD10-968E69D05F49}.Release|iPhoneSimulator.ActiveCfg = Release|iPhoneSimulator
		{9160289B-E37B-40A8-AD10-968E69D05F49}.Release|iPhoneSimulator.Build.0 = Release|iPhoneSimulator
		{9160289B-E37B-40A8-AD10-968E69D05F49}.Release|x64.ActiveCfg = Release|iPhone
		{9160289B-E37B-40A8-AD10-968E69D05F49}.Release|x86.ActiveCfg = Release|iPhone
		{F817C5AC-2AF1-4A0E-88AC-C144BE6201EF}.Ad-Hoc|Any CPU.ActiveCfg = Release|Any CPU
		{F817C5AC-2AF1-4A0E-88AC-C144BE6201EF}.Ad-Hoc|Any CPU.Build.0 = Release|Any CPU
		{F817C5AC-2AF1-4A0E-88AC-C144BE6201EF}.Ad-Hoc|ARM.ActiveCfg = Release|Any CPU
		{F817C5AC-2AF1-4A0E-88AC-C144BE6201EF}.Ad-Hoc|ARM.Build.0 = Release|Any CPU
		{F817C5AC-2AF1-4A0E-88AC-C144BE6201EF}.Ad-Hoc|iPhone.ActiveCfg = Release|Any CPU
		{F817C5AC-2AF1-4A0E-88AC-C144BE6201EF}.Ad-Hoc|iPhone.Build.0 = Release|Any CPU
		{F817C5AC-2AF1-4A0E-88AC-C144BE6201EF}.Ad-Hoc|iPhoneSimulator.ActiveCfg = Release|Any CPU
		{F817C5AC-2AF1-4A0E-88AC-C144BE6201EF}.Ad-Hoc|iPhoneSimulator.Build.0 = Release|Any CPU
		{F817C5AC-2AF1-4A0E-88AC-C144BE6201EF}.Ad-Hoc|x64.ActiveCfg = Release|Any CPU
		{F817C5AC-2AF1-4A0E-88AC-C144BE6201EF}.Ad-Hoc|x64.Build.0 = Release|Any CPU
		{F817C5AC-2AF1-4A0E-88AC-C144BE6201EF}.Ad-Hoc|x86.ActiveCfg = Release|Any CPU
		{F817C5AC-2AF1-4A0E-88AC-C144BE6201EF}.Ad-Hoc|x86.Build.0 = Release|Any CPU
		{F817C5AC-2AF1-4A0E-88AC-C144BE6201EF}.AppStore|Any CPU.ActiveCfg = Release|Any CPU
		{F817C5AC-2AF1-4A0E-88AC-C144BE6201EF}.AppStore|Any CPU.Build.0 = Release|Any CPU
		{F817C5AC-2AF1-4A0E-88AC-C144BE6201EF}.AppStore|ARM.ActiveCfg = Release|Any CPU
		{F817C5AC-2AF1-4A0E-88AC-C144BE6201EF}.AppStore|ARM.Build.0 = Release|Any CPU
		{F817C5AC-2AF1-4A0E-88AC-C144BE6201EF}.AppStore|iPhone.ActiveCfg = Release|Any CPU
		{F817C5AC-2AF1-4A0E-88AC-C144BE6201EF}.AppStore|iPhone.Build.0 = Release|Any CPU
		{F817C5AC-2AF1-4A0E-88AC-C144BE6201EF}.AppStore|iPhoneSimulator.ActiveCfg = Release|Any CPU
		{F817C5AC-2AF1-4A0E-88AC-C144BE6201EF}.AppStore|iPhoneSimulator.Build.0 = Release|Any CPU
		{F817C5AC-2AF1-4A0E-88AC-C144BE6201EF}.AppStore|x64.ActiveCfg = Release|Any CPU
		{F817C5AC-2AF1-4A0E-88AC-C144BE6201EF}.AppStore|x64.Build.0 = Release|Any CPU
		{F817C5AC-2AF1-4A0E-88AC-C144BE6201EF}.AppStore|x86.ActiveCfg = Release|Any CPU
		{F817C5AC-2AF1-4A0E-88AC-C144BE6201EF}.AppStore|x86.Build.0 = Release|Any CPU
		{F817C5AC-2AF1-4A0E-88AC-C144BE6201EF}.Debug|Any CPU.ActiveCfg = Debug|Any CPU
		{F817C5AC-2AF1-4A0E-88AC-C144BE6201EF}.Debug|Any CPU.Build.0 = Debug|Any CPU
		{F817C5AC-2AF1-4A0E-88AC-C144BE6201EF}.Debug|ARM.ActiveCfg = Debug|Any CPU
		{F817C5AC-2AF1-4A0E-88AC-C144BE6201EF}.Debug|ARM.Build.0 = Debug|Any CPU
		{F817C5AC-2AF1-4A0E-88AC-C144BE6201EF}.Debug|iPhone.ActiveCfg = Debug|Any CPU
		{F817C5AC-2AF1-4A0E-88AC-C144BE6201EF}.Debug|iPhone.Build.0 = Debug|Any CPU
		{F817C5AC-2AF1-4A0E-88AC-C144BE6201EF}.Debug|iPhoneSimulator.ActiveCfg = Debug|Any CPU
		{F817C5AC-2AF1-4A0E-88AC-C144BE6201EF}.Debug|iPhoneSimulator.Build.0 = Debug|Any CPU
		{F817C5AC-2AF1-4A0E-88AC-C144BE6201EF}.Debug|x64.ActiveCfg = Debug|Any CPU
		{F817C5AC-2AF1-4A0E-88AC-C144BE6201EF}.Debug|x64.Build.0 = Debug|Any CPU
		{F817C5AC-2AF1-4A0E-88AC-C144BE6201EF}.Debug|x86.ActiveCfg = Debug|Any CPU
		{F817C5AC-2AF1-4A0E-88AC-C144BE6201EF}.Debug|x86.Build.0 = Debug|Any CPU
		{F817C5AC-2AF1-4A0E-88AC-C144BE6201EF}.Release|Any CPU.ActiveCfg = Release|Any CPU
		{F817C5AC-2AF1-4A0E-88AC-C144BE6201EF}.Release|Any CPU.Build.0 = Release|Any CPU
		{F817C5AC-2AF1-4A0E-88AC-C144BE6201EF}.Release|ARM.ActiveCfg = Release|Any CPU
		{F817C5AC-2AF1-4A0E-88AC-C144BE6201EF}.Release|ARM.Build.0 = Release|Any CPU
		{F817C5AC-2AF1-4A0E-88AC-C144BE6201EF}.Release|iPhone.ActiveCfg = Release|Any CPU
		{F817C5AC-2AF1-4A0E-88AC-C144BE6201EF}.Release|iPhone.Build.0 = Release|Any CPU
		{F817C5AC-2AF1-4A0E-88AC-C144BE6201EF}.Release|iPhoneSimulator.ActiveCfg = Release|Any CPU
		{F817C5AC-2AF1-4A0E-88AC-C144BE6201EF}.Release|iPhoneSimulator.Build.0 = Release|Any CPU
		{F817C5AC-2AF1-4A0E-88AC-C144BE6201EF}.Release|x64.ActiveCfg = Release|Any CPU
		{F817C5AC-2AF1-4A0E-88AC-C144BE6201EF}.Release|x64.Build.0 = Release|Any CPU
		{F817C5AC-2AF1-4A0E-88AC-C144BE6201EF}.Release|x86.ActiveCfg = Release|Any CPU
		{F817C5AC-2AF1-4A0E-88AC-C144BE6201EF}.Release|x86.Build.0 = Release|Any CPU
	EndGlobalSection
	GlobalSection(SolutionProperties) = preSolution
		HideSolutionNode = FALSE
	EndGlobalSection
EndGlobal
